
Microsoft Visual Studio Solution File, Format Version 12.00
# Visual Studio 15
VisualStudioVersion = 15.0.26124.0
MinimumVisualStudioVersion = 15.0.26124.0
Project("{FAE04EC0-301F-11D3-BF4B-00C04F79EFBC}") = "5.2_ConvertToBinary.App", "5.2_ConvertToBinary.App\5.2_ConvertToBinary.App.csproj", "{BF57C97A-8A37-4D85-99C9-58B9EF73AF98}"
EndProject
Project("{FAE04EC0-301F-11D3-BF4B-00C04F79EFBC}") = "5.2_ConvertToBinary.Tests", "5.2_ConvertToBinary.Tests\5.2_ConvertToBinary.Tests.csproj", "{B202174F-BB82-42B4-81F9-5DBABC13BCC7}"
EndProject
Global
	GlobalSection(SolutionConfigurationPlatforms) = preSolution
		Debug|Any CPU = Debug|Any CPU
		Debug|x64 = Debug|x64
		Debug|x86 = Debug|x86
		Release|Any CPU = Release|Any CPU
		Release|x64 = Release|x64
		Release|x86 = Release|x86
	EndGlobalSection
	GlobalSection(SolutionProperties) = preSolution
		HideSolutionNode = FALSE
	EndGlobalSection
	GlobalSection(ProjectConfigurationPlatforms) = postSolution
		{BF57C97A-8A37-4D85-99C9-58B9EF73AF98}.Debug|Any CPU.ActiveCfg = Debug|Any CPU
		{BF57C97A-8A37-4D85-99C9-58B9EF73AF98}.Debug|Any CPU.Build.0 = Debug|Any CPU
		{BF57C97A-8A37-4D85-99C9-58B9EF73AF98}.Debug|x64.ActiveCfg = Debug|Any CPU
		{BF57C97A-8A37-4D85-99C9-58B9EF73AF98}.Debug|x64.Build.0 = Debug|Any CPU
		{BF57C97A-8A37-4D85-99C9-58B9EF73AF98}.Debug|x86.ActiveCfg = Debug|Any CPU
		{BF57C97A-8A37-4D85-99C9-58B9EF73AF98}.Debug|x86.Build.0 = Debug|Any CPU
		{BF57C97A-8A37-4D85-99C9-58B9EF73AF98}.Release|Any CPU.ActiveCfg = Release|Any CPU
		{BF57C97A-8A37-4D85-99C9-58B9EF73AF98}.Release|Any CPU.Build.0 = Release|Any CPU
		{BF57C97A-8A37-4D85-99C9-58B9EF73AF98}.Release|x64.ActiveCfg = Release|Any CPU
		{BF57C97A-8A37-4D85-99C9-58B9EF73AF98}.Release|x64.Build.0 = Release|Any CPU
		{BF57C97A-8A37-4D85-99C9-58B9EF73AF98}.Release|x86.ActiveCfg = Release|Any CPU
		{BF57C97A-8A37-4D85-99C9-58B9EF73AF98}.Release|x86.Build.0 = Release|Any CPU
		{B202174F-BB82-42B4-81F9-5DBABC13BCC7}.Debug|Any CPU.ActiveCfg = Debug|Any CPU
		{B202174F-BB82-42B4-81F9-5DBABC13BCC7}.Debug|Any CPU.Build.0 = Debug|Any CPU
		{B202174F-BB82-42B4-81F9-5DBABC13BCC7}.Debug|x64.ActiveCfg = Debug|Any CPU
		{B202174F-BB82-42B4-81F9-5DBABC13BCC7}.Debug|x64.Build.0 = Debug|Any CPU
		{B202174F-BB82-42B4-81F9-5DBABC13BCC7}.Debug|x86.ActiveCfg = Debug|Any CPU
		{B202174F-BB82-42B4-81F9-5DBABC13BCC7}.Debug|x86.Build.0 = Debug|Any CPU
		{B202174F-BB82-42B4-81F9-5DBABC13BCC7}.Release|Any CPU.ActiveCfg = Release|Any CPU
		{B202174F-BB82-42B4-81F9-5DBABC13BCC7}.Release|Any CPU.Build.0 = Release|Any CPU
		{B202174F-BB82-42B4-81F9-5DBABC13BCC7}.Release|x64.ActiveCfg = Release|Any CPU
		{B202174F-BB82-42B4-81F9-5DBABC13BCC7}.Release|x64.Build.0 = Release|Any CPU
		{B202174F-BB82-42B4-81F9-5DBABC13BCC7}.Release|x86.ActiveCfg = Release|Any CPU
		{B202174F-BB82-42B4-81F9-5DBABC13BCC7}.Release|x86.Build.0 = Release|Any CPU
	EndGlobalSection
EndGlobal
