
Microsoft Visual Studio Solution File, Format Version 12.00
# Visual Studio 15
VisualStudioVersion = 15.0.26124.0
MinimumVisualStudioVersion = 15.0.26124.0
Project("{FAE04EC0-301F-11D3-BF4B-00C04F79EFBC}") = "MergeKLinkedLists.App", "MergeKLinkedLists.App\MergeKLinkedLists.App.csproj", "{4BC1C5D1-CB91-4C98-953D-26C3F087CE42}"
EndProject
Project("{FAE04EC0-301F-11D3-BF4B-00C04F79EFBC}") = "MergeKLinkedLists.Tests", "MergeKLinkedLists.Tests\MergeKLinkedLists.Tests.csproj", "{78EBDF66-1A0E-4EFD-B1C2-B2EDFADBBD2E}"
EndProject
Global
	GlobalSection(SolutionConfigurationPlatforms) = preSolution
		Debug|Any CPU = Debug|Any CPU
		Debug|x64 = Debug|x64
		Debug|x86 = Debug|x86
		Release|Any CPU = Release|Any CPU
		Release|x64 = Release|x64
		Release|x86 = Release|x86
	EndGlobalSection
	GlobalSection(SolutionProperties) = preSolution
		HideSolutionNode = FALSE
	EndGlobalSection
	GlobalSection(ProjectConfigurationPlatforms) = postSolution
		{4BC1C5D1-CB91-4C98-953D-26C3F087CE42}.Debug|Any CPU.ActiveCfg = Debug|Any CPU
		{4BC1C5D1-CB91-4C98-953D-26C3F087CE42}.Debug|Any CPU.Build.0 = Debug|Any CPU
		{4BC1C5D1-CB91-4C98-953D-26C3F087CE42}.Debug|x64.ActiveCfg = Debug|Any CPU
		{4BC1C5D1-CB91-4C98-953D-26C3F087CE42}.Debug|x64.Build.0 = Debug|Any CPU
		{4BC1C5D1-CB91-4C98-953D-26C3F087CE42}.Debug|x86.ActiveCfg = Debug|Any CPU
		{4BC1C5D1-CB91-4C98-953D-26C3F087CE42}.Debug|x86.Build.0 = Debug|Any CPU
		{4BC1C5D1-CB91-4C98-953D-26C3F087CE42}.Release|Any CPU.ActiveCfg = Release|Any CPU
		{4BC1C5D1-CB91-4C98-953D-26C3F087CE42}.Release|Any CPU.Build.0 = Release|Any CPU
		{4BC1C5D1-CB91-4C98-953D-26C3F087CE42}.Release|x64.ActiveCfg = Release|Any CPU
		{4BC1C5D1-CB91-4C98-953D-26C3F087CE42}.Release|x64.Build.0 = Release|Any CPU
		{4BC1C5D1-CB91-4C98-953D-26C3F087CE42}.Release|x86.ActiveCfg = Release|Any CPU
		{4BC1C5D1-CB91-4C98-953D-26C3F087CE42}.Release|x86.Build.0 = Release|Any CPU
		{78EBDF66-1A0E-4EFD-B1C2-B2EDFADBBD2E}.Debug|Any CPU.ActiveCfg = Debug|Any CPU
		{78EBDF66-1A0E-4EFD-B1C2-B2EDFADBBD2E}.Debug|Any CPU.Build.0 = Debug|Any CPU
		{78EBDF66-1A0E-4EFD-B1C2-B2EDFADBBD2E}.Debug|x64.ActiveCfg = Debug|Any CPU
		{78EBDF66-1A0E-4EFD-B1C2-B2EDFADBBD2E}.Debug|x64.Build.0 = Debug|Any CPU
		{78EBDF66-1A0E-4EFD-B1C2-B2EDFADBBD2E}.Debug|x86.ActiveCfg = Debug|Any CPU
		{78EBDF66-1A0E-4EFD-B1C2-B2EDFADBBD2E}.Debug|x86.Build.0 = Debug|Any CPU
		{78EBDF66-1A0E-4EFD-B1C2-B2EDFADBBD2E}.Release|Any CPU.ActiveCfg = Release|Any CPU
		{78EBDF66-1A0E-4EFD-B1C2-B2EDFADBBD2E}.Release|Any CPU.Build.0 = Release|Any CPU
		{78EBDF66-1A0E-4EFD-B1C2-B2EDFADBBD2E}.Release|x64.ActiveCfg = Release|Any CPU
		{78EBDF66-1A0E-4EFD-B1C2-B2EDFADBBD2E}.Release|x64.Build.0 = Release|Any CPU
		{78EBDF66-1A0E-4EFD-B1C2-B2EDFADBBD2E}.Release|x86.ActiveCfg = Release|Any CPU
		{78EBDF66-1A0E-4EFD-B1C2-B2EDFADBBD2E}.Release|x86.Build.0 = Release|Any CPU
	EndGlobalSection
EndGlobal
